
Microsoft Visual Studio Solution File, Format Version 12.00
# Visual Studio Version 17
VisualStudioVersion = 17.0.32126.317
MinimumVisualStudioVersion = 10.0.40219.1
Project("{9A19103F-16F7-4668-BE54-9A1E7A4F7556}") = "Jokes", "Jokes\Jokes.csproj", "{DCE07E22-984B-4477-A93D-71FACB8B10E1}"
EndProject
Project("{FAE04EC0-301F-11D3-BF4B-00C04F79EFBC}") = "TutorialSuperMarketAPI", "TutorialSuperMarketAPI\TutorialSuperMarketAPI.csproj", "{142D1A99-F7AE-460B-B58F-ECA936D75338}"
EndProject
Project("{9A19103F-16F7-4668-BE54-9A1E7A4F7556}") = "Database", "Database\Database.csproj", "{280EDDBA-499D-4C47-AD84-F65EA5AAAD3A}"
EndProject
Project("{9A19103F-16F7-4668-BE54-9A1E7A4F7556}") = "SuperMarketAPI", "SuperMarketAPI\SuperMarketAPI.csproj", "{75BEA5B0-7B14-4348-ABDF-05151A6A58F8}"
EndProject
Project("{FAE04EC0-301F-11D3-BF4B-00C04F79EFBC}") = "Dogs", "..\CallAPIs\Dogs\Dogs.csproj", "{F0A6AA24-5403-4487-9182-8297E1F20E24}"
EndProject
Global
	GlobalSection(SolutionConfigurationPlatforms) = preSolution
		Debug|Any CPU = Debug|Any CPU
		Debug|x86 = Debug|x86
		Release|Any CPU = Release|Any CPU
		Release|x86 = Release|x86
	EndGlobalSection
	GlobalSection(ProjectConfigurationPlatforms) = postSolution
		{DCE07E22-984B-4477-A93D-71FACB8B10E1}.Debug|Any CPU.ActiveCfg = Debug|Any CPU
		{DCE07E22-984B-4477-A93D-71FACB8B10E1}.Debug|Any CPU.Build.0 = Debug|Any CPU
		{DCE07E22-984B-4477-A93D-71FACB8B10E1}.Debug|x86.ActiveCfg = Debug|Any CPU
		{DCE07E22-984B-4477-A93D-71FACB8B10E1}.Debug|x86.Build.0 = Debug|Any CPU
		{DCE07E22-984B-4477-A93D-71FACB8B10E1}.Release|Any CPU.ActiveCfg = Release|Any CPU
		{DCE07E22-984B-4477-A93D-71FACB8B10E1}.Release|Any CPU.Build.0 = Release|Any CPU
		{DCE07E22-984B-4477-A93D-71FACB8B10E1}.Release|x86.ActiveCfg = Release|Any CPU
		{DCE07E22-984B-4477-A93D-71FACB8B10E1}.Release|x86.Build.0 = Release|Any CPU
		{142D1A99-F7AE-460B-B58F-ECA936D75338}.Debug|Any CPU.ActiveCfg = Debug|Any CPU
		{142D1A99-F7AE-460B-B58F-ECA936D75338}.Debug|Any CPU.Build.0 = Debug|Any CPU
		{142D1A99-F7AE-460B-B58F-ECA936D75338}.Debug|x86.ActiveCfg = Debug|Any CPU
		{142D1A99-F7AE-460B-B58F-ECA936D75338}.Debug|x86.Build.0 = Debug|Any CPU
		{142D1A99-F7AE-460B-B58F-ECA936D75338}.Release|Any CPU.ActiveCfg = Release|Any CPU
		{142D1A99-F7AE-460B-B58F-ECA936D75338}.Release|Any CPU.Build.0 = Release|Any CPU
		{142D1A99-F7AE-460B-B58F-ECA936D75338}.Release|x86.ActiveCfg = Release|Any CPU
		{142D1A99-F7AE-460B-B58F-ECA936D75338}.Release|x86.Build.0 = Release|Any CPU
		{280EDDBA-499D-4C47-AD84-F65EA5AAAD3A}.Debug|Any CPU.ActiveCfg = Debug|Any CPU
		{280EDDBA-499D-4C47-AD84-F65EA5AAAD3A}.Debug|Any CPU.Build.0 = Debug|Any CPU
		{280EDDBA-499D-4C47-AD84-F65EA5AAAD3A}.Debug|x86.ActiveCfg = Debug|Any CPU
		{280EDDBA-499D-4C47-AD84-F65EA5AAAD3A}.Debug|x86.Build.0 = Debug|Any CPU
		{280EDDBA-499D-4C47-AD84-F65EA5AAAD3A}.Release|Any CPU.ActiveCfg = Release|Any CPU
		{280EDDBA-499D-4C47-AD84-F65EA5AAAD3A}.Release|Any CPU.Build.0 = Release|Any CPU
		{280EDDBA-499D-4C47-AD84-F65EA5AAAD3A}.Release|x86.ActiveCfg = Release|Any CPU
		{280EDDBA-499D-4C47-AD84-F65EA5AAAD3A}.Release|x86.Build.0 = Release|Any CPU
		{75BEA5B0-7B14-4348-ABDF-05151A6A58F8}.Debug|Any CPU.ActiveCfg = Debug|Any CPU
		{75BEA5B0-7B14-4348-ABDF-05151A6A58F8}.Debug|Any CPU.Build.0 = Debug|Any CPU
		{75BEA5B0-7B14-4348-ABDF-05151A6A58F8}.Debug|x86.ActiveCfg = Debug|Any CPU
		{75BEA5B0-7B14-4348-ABDF-05151A6A58F8}.Debug|x86.Build.0 = Debug|Any CPU
		{75BEA5B0-7B14-4348-ABDF-05151A6A58F8}.Release|Any CPU.ActiveCfg = Release|Any CPU
		{75BEA5B0-7B14-4348-ABDF-05151A6A58F8}.Release|Any CPU.Build.0 = Release|Any CPU
		{75BEA5B0-7B14-4348-ABDF-05151A6A58F8}.Release|x86.ActiveCfg = Release|Any CPU
		{75BEA5B0-7B14-4348-ABDF-05151A6A58F8}.Release|x86.Build.0 = Release|Any CPU
		{F0A6AA24-5403-4487-9182-8297E1F20E24}.Debug|Any CPU.ActiveCfg = Debug|Any CPU
		{F0A6AA24-5403-4487-9182-8297E1F20E24}.Debug|Any CPU.Build.0 = Debug|Any CPU
		{F0A6AA24-5403-4487-9182-8297E1F20E24}.Debug|x86.ActiveCfg = Debug|Any CPU
		{F0A6AA24-5403-4487-9182-8297E1F20E24}.Debug|x86.Build.0 = Debug|Any CPU
		{F0A6AA24-5403-4487-9182-8297E1F20E24}.Release|Any CPU.ActiveCfg = Release|Any CPU
		{F0A6AA24-5403-4487-9182-8297E1F20E24}.Release|Any CPU.Build.0 = Release|Any CPU
		{F0A6AA24-5403-4487-9182-8297E1F20E24}.Release|x86.ActiveCfg = Release|Any CPU
		{F0A6AA24-5403-4487-9182-8297E1F20E24}.Release|x86.Build.0 = Release|Any CPU
	EndGlobalSection
	GlobalSection(SolutionProperties) = preSolution
		HideSolutionNode = FALSE
	EndGlobalSection
	GlobalSection(ExtensibilityGlobals) = postSolution
		SolutionGuid = {5CCAC985-BC4A-4FD5-90FD-1620CB4685E0}
	EndGlobalSection
EndGlobal
