
Microsoft Visual Studio Solution File, Format Version 12.00
# Visual Studio Version 17
VisualStudioVersion = 17.0.32126.317
MinimumVisualStudioVersion = 10.0.40219.1
Project("{FAE04EC0-301F-11D3-BF4B-00C04F79EFBC}") = "MVCAuthApp", "MVCAuthApp\MVCAuthApp.csproj", "{65FA5BD6-ADB9-483D-861D-BA04AE63024C}"
EndProject
Global
	GlobalSection(SolutionConfigurationPlatforms) = preSolution
		Debug|Any CPU = Debug|Any CPU
		Release|Any CPU = Release|Any CPU
	EndGlobalSection
	GlobalSection(ProjectConfigurationPlatforms) = postSolution
		{65FA5BD6-ADB9-483D-861D-BA04AE63024C}.Debug|Any CPU.ActiveCfg = Debug|Any CPU
		{65FA5BD6-ADB9-483D-861D-BA04AE63024C}.Debug|Any CPU.Build.0 = Debug|Any CPU
		{65FA5BD6-ADB9-483D-861D-BA04AE63024C}.Release|Any CPU.ActiveCfg = Release|Any CPU
		{65FA5BD6-ADB9-483D-861D-BA04AE63024C}.Release|Any CPU.Build.0 = Release|Any CPU
	EndGlobalSection
	GlobalSection(SolutionProperties) = preSolution
		HideSolutionNode = FALSE
	EndGlobalSection
	GlobalSection(ExtensibilityGlobals) = postSolution
		SolutionGuid = {5CCAC985-BC4A-4FD5-90FD-1620CB4685E0}
	EndGlobalSection
EndGlobal
